
Microsoft Visual Studio Solution File, Format Version 12.00
# Visual Studio Version 17
VisualStudioVersion = 17.11.35222.181
MinimumVisualStudioVersion = 10.0.40219.1
Project("{2150E333-8FDC-42A3-9474-1A3956D46DE8}") = "Services", "Services", "{D68D73EE-F52A-4038-9365-BFFA60800FB4}"
EndProject
Project("{2150E333-8FDC-42A3-9474-1A3956D46DE8}") = "Catalog", "Catalog", "{423247DE-EA3C-43C5-B665-6C144066C3CA}"
EndProject
Project("{9A19103F-16F7-4668-BE54-9A1E7A4F7556}") = "MultiShop.Catalog", "Services\Catalog\MultiShop.Catalog\MultiShop.Catalog.csproj", "{2BB1E98B-E568-46F1-B0E8-D90505B0E31A}"
EndProject
Project("{2150E333-8FDC-42A3-9474-1A3956D46DE8}") = "Discount", "Discount", "{62F2C906-2584-4A69-B3CC-DAA3AC1137FB}"
EndProject
Project("{9A19103F-16F7-4668-BE54-9A1E7A4F7556}") = "MultiShop.Discount", "Services\Discount\MultiShop.Discount\MultiShop.Discount.csproj", "{D15D12C1-5B2E-48C1-82CC-F9ACD98D3BBE}"
EndProject
Project("{2150E333-8FDC-42A3-9474-1A3956D46DE8}") = "Order", "Order", "{7F1AB0E7-90FA-4AEF-8E4D-E002795492D9}"
EndProject
Project("{2150E333-8FDC-42A3-9474-1A3956D46DE8}") = "Core", "Core", "{0E14E9B4-B1E9-4699-BB9D-ED8E34B75B76}"
EndProject
Project("{2150E333-8FDC-42A3-9474-1A3956D46DE8}") = "Infrastructure", "Infrastructure", "{C00A0BFC-0A12-4240-8D8E-43ED78BB7F5E}"
EndProject
Project("{2150E333-8FDC-42A3-9474-1A3956D46DE8}") = "Presentation", "Presentation", "{1DAB9314-5FB2-4FC7-8E7F-1EBD80CFD67F}"
EndProject
Project("{9A19103F-16F7-4668-BE54-9A1E7A4F7556}") = "MultiShop.Order.Domain", "Services\Order\Core\MultiShop.Order.Domain\MultiShop.Order.Domain.csproj", "{5152E25C-861C-4B2B-A7D8-F00A5E389D2D}"
EndProject
Project("{9A19103F-16F7-4668-BE54-9A1E7A4F7556}") = "MultiShop.Order.Application", "Services\Order\Core\MultiShop.Order.Application\MultiShop.Order.Application.csproj", "{CB1D7000-7708-414F-9135-7C910C281744}"
EndProject
Project("{9A19103F-16F7-4668-BE54-9A1E7A4F7556}") = "MultiShop.Order.Presistence", "Services\Order\Infrastructure\MultiShop.Order.Presistence\MultiShop.Order.Presistence.csproj", "{9B43AF63-2ED9-420A-BC20-BFBF8CA523B2}"
EndProject
Project("{9A19103F-16F7-4668-BE54-9A1E7A4F7556}") = "MultiShop.Order.WebApi", "Services\Order\Presentation\MultiShop.Order.WebApi\MultiShop.Order.WebApi.csproj", "{403E609F-1924-4CC1-B8A7-81BDD0AE0415}"
EndProject
Project("{2150E333-8FDC-42A3-9474-1A3956D46DE8}") = "IdentityServer", "IdentityServer", "{AC6A6BC6-5C26-4E96-AB17-E33087615E2F}"
EndProject
Project("{9A19103F-16F7-4668-BE54-9A1E7A4F7556}") = "MultiShop.IdentityServer", "IdentityServer\MultiShop.IdentityServer\MultiShop.IdentityServer.csproj", "{B316739A-3CEA-4C21-A7BA-3897E6973456}"
EndProject
Project("{2150E333-8FDC-42A3-9474-1A3956D46DE8}") = "Cargo", "Cargo", "{054A0B2E-E23C-4E5D-B2B6-E614A7467E39}"
EndProject
Project("{9A19103F-16F7-4668-BE54-9A1E7A4F7556}") = "MultiShop.Cargo.BusinessLayer", "Services\Cargo\MultiShop.Cargo.BusinessLayer\MultiShop.Cargo.BusinessLayer.csproj", "{582691B2-B3E5-4813-9FD2-F4B7605D95D5}"
EndProject
Project("{9A19103F-16F7-4668-BE54-9A1E7A4F7556}") = "MultiShop.Cargo.EntityLayer", "Services\Cargo\MultiShop.Cargo.EntityLayer\MultiShop.Cargo.EntityLayer.csproj", "{17C616B6-1120-4ACF-A2C8-3952F1807A39}"
EndProject
Project("{9A19103F-16F7-4668-BE54-9A1E7A4F7556}") = "MultiShop.Cargo.DataAccessLayer", "Services\Cargo\MultiShop.Cargo.DataAccessLayer\MultiShop.Cargo.DataAccessLayer.csproj", "{1B5B4AF1-8330-4E00-8616-2066B1C7EBFC}"
EndProject
Project("{9A19103F-16F7-4668-BE54-9A1E7A4F7556}") = "MultiShop.Cargo.DtoLayer", "Services\Cargo\MultiShop.Cargo.DtoLayer\MultiShop.Cargo.DtoLayer.csproj", "{FEDBE06B-6E8E-4AC7-8B6A-8669801935A8}"
EndProject
Project("{9A19103F-16F7-4668-BE54-9A1E7A4F7556}") = "MultiShop.Cargo.WebApi", "Services\Cargo\MultiShop.Cargo.WebApi\MultiShop.Cargo.WebApi.csproj", "{42761DB4-A5BB-40AB-BD2C-D5C1EE203DCC}"
EndProject
Project("{2150E333-8FDC-42A3-9474-1A3956D46DE8}") = "Basket", "Basket", "{30ACD6AB-0443-4D00-B093-C9A76317FD6D}"
EndProject
Project("{9A19103F-16F7-4668-BE54-9A1E7A4F7556}") = "MultiShop.Basket", "Services\Basket\MultiShop.Basket\MultiShop.Basket.csproj", "{67A51BE5-F43A-4B23-A121-A902AE70B36E}"
EndProject
Project("{2150E333-8FDC-42A3-9474-1A3956D46DE8}") = "Frontends", "Frontends", "{6F020F3F-EE1E-4458-A842-650029CA6082}"
EndProject
Project("{9A19103F-16F7-4668-BE54-9A1E7A4F7556}") = "MultiShop.WebUI", "Frontends\MultiShop.WebUI\MultiShop.WebUI.csproj", "{C5ABD8BB-26CB-414E-AED1-3283E7DD66F7}"
EndProject
Project("{9A19103F-16F7-4668-BE54-9A1E7A4F7556}") = "MultiShop.DtoLayer", "Frontends\MultiShop.DtoLayer\MultiShop.DtoLayer.csproj", "{8164E285-C3EA-4D34-89FC-C6B7EA8D8C24}"
EndProject
Project("{2150E333-8FDC-42A3-9474-1A3956D46DE8}") = "Comment", "Comment", "{E1E818D0-431B-4F20-8152-3415E27FC905}"
EndProject
Project("{9A19103F-16F7-4668-BE54-9A1E7A4F7556}") = "MultiShop.Comment", "Services\Comment\MultiShop.Comment\MultiShop.Comment.csproj", "{6F110F92-8751-48C5-B488-83E130B0F98D}"
EndProject
Project("{2150E333-8FDC-42A3-9474-1A3956D46DE8}") = "ApiGateway", "ApiGateway", "{D90AF3B7-A733-44C1-A4C2-8C2318791C7A}"
EndProject
Project("{FAE04EC0-301F-11D3-BF4B-00C04F79EFBC}") = "MultiShop.OcelotGateway", "ApiGateway\MultiShop.OcelotGateway\MultiShop.OcelotGateway.csproj", "{243827F7-9A9B-44F1-90D6-25D4B9E3ED90}"
EndProject
Project("{2150E333-8FDC-42A3-9474-1A3956D46DE8}") = "Payment", "Payment", "{3143D7DC-55B5-4B32-940A-E6131D23157F}"
EndProject
Project("{FAE04EC0-301F-11D3-BF4B-00C04F79EFBC}") = "MultiShop.Payment", "Services\Payment\MultiShop.Payment\MultiShop.Payment.csproj", "{A36CD76B-B622-49BA-ADC8-9C5FD3BD8F05}"
EndProject
Project("{2150E333-8FDC-42A3-9474-1A3956D46DE8}") = "Message", "Message", "{A52AC0B6-A8A3-4310-A169-5A0DABC7489B}"
EndProject
Project("{2150E333-8FDC-42A3-9474-1A3956D46DE8}") = "Notification", "Notification", "{D3945D7B-0E43-4CD6-AF8F-346A9D8E58B2}"
EndProject
Project("{FAE04EC0-301F-11D3-BF4B-00C04F79EFBC}") = "MultiShop.Notification", "Services\Notification\MultiShop.Notification\MultiShop.Notification.csproj", "{67D79536-FF54-4800-8434-EE041E745CF9}"
EndProject
Project("{FAE04EC0-301F-11D3-BF4B-00C04F79EFBC}") = "MultiShop.Message", "Services\Message\MultiShop.Message\MultiShop.Message.csproj", "{1B1E7172-12C6-4277-B3F8-9BEE8D0F9415}"
EndProject
Project("{2150E333-8FDC-42A3-9474-1A3956D46DE8}") = "Solution Items", "Solution Items", "{193AC51E-2391-4B3C-A8C2-02C053CD0C38}"
	ProjectSection(SolutionItems) = preProject
		.gitignore = .gitignore
	EndProjectSection
EndProject
Global
	GlobalSection(SolutionConfigurationPlatforms) = preSolution
		Debug|Any CPU = Debug|Any CPU
		Release|Any CPU = Release|Any CPU
	EndGlobalSection
	GlobalSection(ProjectConfigurationPlatforms) = postSolution
		{2BB1E98B-E568-46F1-B0E8-D90505B0E31A}.Debug|Any CPU.ActiveCfg = Debug|Any CPU
		{2BB1E98B-E568-46F1-B0E8-D90505B0E31A}.Debug|Any CPU.Build.0 = Debug|Any CPU
		{2BB1E98B-E568-46F1-B0E8-D90505B0E31A}.Release|Any CPU.ActiveCfg = Release|Any CPU
		{2BB1E98B-E568-46F1-B0E8-D90505B0E31A}.Release|Any CPU.Build.0 = Release|Any CPU
		{D15D12C1-5B2E-48C1-82CC-F9ACD98D3BBE}.Debug|Any CPU.ActiveCfg = Debug|Any CPU
		{D15D12C1-5B2E-48C1-82CC-F9ACD98D3BBE}.Debug|Any CPU.Build.0 = Debug|Any CPU
		{D15D12C1-5B2E-48C1-82CC-F9ACD98D3BBE}.Release|Any CPU.ActiveCfg = Release|Any CPU
		{D15D12C1-5B2E-48C1-82CC-F9ACD98D3BBE}.Release|Any CPU.Build.0 = Release|Any CPU
		{5152E25C-861C-4B2B-A7D8-F00A5E389D2D}.Debug|Any CPU.ActiveCfg = Debug|Any CPU
		{5152E25C-861C-4B2B-A7D8-F00A5E389D2D}.Debug|Any CPU.Build.0 = Debug|Any CPU
		{5152E25C-861C-4B2B-A7D8-F00A5E389D2D}.Release|Any CPU.ActiveCfg = Release|Any CPU
		{5152E25C-861C-4B2B-A7D8-F00A5E389D2D}.Release|Any CPU.Build.0 = Release|Any CPU
		{CB1D7000-7708-414F-9135-7C910C281744}.Debug|Any CPU.ActiveCfg = Debug|Any CPU
		{CB1D7000-7708-414F-9135-7C910C281744}.Debug|Any CPU.Build.0 = Debug|Any CPU
		{CB1D7000-7708-414F-9135-7C910C281744}.Release|Any CPU.ActiveCfg = Release|Any CPU
		{CB1D7000-7708-414F-9135-7C910C281744}.Release|Any CPU.Build.0 = Release|Any CPU
		{9B43AF63-2ED9-420A-BC20-BFBF8CA523B2}.Debug|Any CPU.ActiveCfg = Debug|Any CPU
		{9B43AF63-2ED9-420A-BC20-BFBF8CA523B2}.Debug|Any CPU.Build.0 = Debug|Any CPU
		{9B43AF63-2ED9-420A-BC20-BFBF8CA523B2}.Release|Any CPU.ActiveCfg = Release|Any CPU
		{9B43AF63-2ED9-420A-BC20-BFBF8CA523B2}.Release|Any CPU.Build.0 = Release|Any CPU
		{403E609F-1924-4CC1-B8A7-81BDD0AE0415}.Debug|Any CPU.ActiveCfg = Debug|Any CPU
		{403E609F-1924-4CC1-B8A7-81BDD0AE0415}.Debug|Any CPU.Build.0 = Debug|Any CPU
		{403E609F-1924-4CC1-B8A7-81BDD0AE0415}.Release|Any CPU.ActiveCfg = Release|Any CPU
		{403E609F-1924-4CC1-B8A7-81BDD0AE0415}.Release|Any CPU.Build.0 = Release|Any CPU
		{B316739A-3CEA-4C21-A7BA-3897E6973456}.Debug|Any CPU.ActiveCfg = Debug|Any CPU
		{B316739A-3CEA-4C21-A7BA-3897E6973456}.Debug|Any CPU.Build.0 = Debug|Any CPU
		{B316739A-3CEA-4C21-A7BA-3897E6973456}.Release|Any CPU.ActiveCfg = Release|Any CPU
		{B316739A-3CEA-4C21-A7BA-3897E6973456}.Release|Any CPU.Build.0 = Release|Any CPU
		{582691B2-B3E5-4813-9FD2-F4B7605D95D5}.Debug|Any CPU.ActiveCfg = Debug|Any CPU
		{582691B2-B3E5-4813-9FD2-F4B7605D95D5}.Debug|Any CPU.Build.0 = Debug|Any CPU
		{582691B2-B3E5-4813-9FD2-F4B7605D95D5}.Release|Any CPU.ActiveCfg = Release|Any CPU
		{582691B2-B3E5-4813-9FD2-F4B7605D95D5}.Release|Any CPU.Build.0 = Release|Any CPU
		{17C616B6-1120-4ACF-A2C8-3952F1807A39}.Debug|Any CPU.ActiveCfg = Debug|Any CPU
		{17C616B6-1120-4ACF-A2C8-3952F1807A39}.Debug|Any CPU.Build.0 = Debug|Any CPU
		{17C616B6-1120-4ACF-A2C8-3952F1807A39}.Release|Any CPU.ActiveCfg = Release|Any CPU
		{17C616B6-1120-4ACF-A2C8-3952F1807A39}.Release|Any CPU.Build.0 = Release|Any CPU
		{1B5B4AF1-8330-4E00-8616-2066B1C7EBFC}.Debug|Any CPU.ActiveCfg = Debug|Any CPU
		{1B5B4AF1-8330-4E00-8616-2066B1C7EBFC}.Debug|Any CPU.Build.0 = Debug|Any CPU
		{1B5B4AF1-8330-4E00-8616-2066B1C7EBFC}.Release|Any CPU.ActiveCfg = Release|Any CPU
		{1B5B4AF1-8330-4E00-8616-2066B1C7EBFC}.Release|Any CPU.Build.0 = Release|Any CPU
		{FEDBE06B-6E8E-4AC7-8B6A-8669801935A8}.Debug|Any CPU.ActiveCfg = Debug|Any CPU
		{FEDBE06B-6E8E-4AC7-8B6A-8669801935A8}.Debug|Any CPU.Build.0 = Debug|Any CPU
		{FEDBE06B-6E8E-4AC7-8B6A-8669801935A8}.Release|Any CPU.ActiveCfg = Release|Any CPU
		{FEDBE06B-6E8E-4AC7-8B6A-8669801935A8}.Release|Any CPU.Build.0 = Release|Any CPU
		{42761DB4-A5BB-40AB-BD2C-D5C1EE203DCC}.Debug|Any CPU.ActiveCfg = Debug|Any CPU
		{42761DB4-A5BB-40AB-BD2C-D5C1EE203DCC}.Debug|Any CPU.Build.0 = Debug|Any CPU
		{42761DB4-A5BB-40AB-BD2C-D5C1EE203DCC}.Release|Any CPU.ActiveCfg = Release|Any CPU
		{42761DB4-A5BB-40AB-BD2C-D5C1EE203DCC}.Release|Any CPU.Build.0 = Release|Any CPU
		{67A51BE5-F43A-4B23-A121-A902AE70B36E}.Debug|Any CPU.ActiveCfg = Debug|Any CPU
		{67A51BE5-F43A-4B23-A121-A902AE70B36E}.Debug|Any CPU.Build.0 = Debug|Any CPU
		{67A51BE5-F43A-4B23-A121-A902AE70B36E}.Release|Any CPU.ActiveCfg = Release|Any CPU
		{67A51BE5-F43A-4B23-A121-A902AE70B36E}.Release|Any CPU.Build.0 = Release|Any CPU
		{C5ABD8BB-26CB-414E-AED1-3283E7DD66F7}.Debug|Any CPU.ActiveCfg = Debug|Any CPU
		{C5ABD8BB-26CB-414E-AED1-3283E7DD66F7}.Debug|Any CPU.Build.0 = Debug|Any CPU
		{C5ABD8BB-26CB-414E-AED1-3283E7DD66F7}.Release|Any CPU.ActiveCfg = Release|Any CPU
		{C5ABD8BB-26CB-414E-AED1-3283E7DD66F7}.Release|Any CPU.Build.0 = Release|Any CPU
		{8164E285-C3EA-4D34-89FC-C6B7EA8D8C24}.Debug|Any CPU.ActiveCfg = Debug|Any CPU
		{8164E285-C3EA-4D34-89FC-C6B7EA8D8C24}.Debug|Any CPU.Build.0 = Debug|Any CPU
		{8164E285-C3EA-4D34-89FC-C6B7EA8D8C24}.Release|Any CPU.ActiveCfg = Release|Any CPU
		{8164E285-C3EA-4D34-89FC-C6B7EA8D8C24}.Release|Any CPU.Build.0 = Release|Any CPU
		{6F110F92-8751-48C5-B488-83E130B0F98D}.Debug|Any CPU.ActiveCfg = Debug|Any CPU
		{6F110F92-8751-48C5-B488-83E130B0F98D}.Debug|Any CPU.Build.0 = Debug|Any CPU
		{6F110F92-8751-48C5-B488-83E130B0F98D}.Release|Any CPU.ActiveCfg = Release|Any CPU
		{6F110F92-8751-48C5-B488-83E130B0F98D}.Release|Any CPU.Build.0 = Release|Any CPU
		{243827F7-9A9B-44F1-90D6-25D4B9E3ED90}.Debug|Any CPU.ActiveCfg = Debug|Any CPU
		{243827F7-9A9B-44F1-90D6-25D4B9E3ED90}.Debug|Any CPU.Build.0 = Debug|Any CPU
		{243827F7-9A9B-44F1-90D6-25D4B9E3ED90}.Release|Any CPU.ActiveCfg = Release|Any CPU
		{243827F7-9A9B-44F1-90D6-25D4B9E3ED90}.Release|Any CPU.Build.0 = Release|Any CPU
		{A36CD76B-B622-49BA-ADC8-9C5FD3BD8F05}.Debug|Any CPU.ActiveCfg = Debug|Any CPU
		{A36CD76B-B622-49BA-ADC8-9C5FD3BD8F05}.Debug|Any CPU.Build.0 = Debug|Any CPU
		{A36CD76B-B622-49BA-ADC8-9C5FD3BD8F05}.Release|Any CPU.ActiveCfg = Release|Any CPU
		{A36CD76B-B622-49BA-ADC8-9C5FD3BD8F05}.Release|Any CPU.Build.0 = Release|Any CPU
		{67D79536-FF54-4800-8434-EE041E745CF9}.Debug|Any CPU.ActiveCfg = Debug|Any CPU
		{67D79536-FF54-4800-8434-EE041E745CF9}.Debug|Any CPU.Build.0 = Debug|Any CPU
		{67D79536-FF54-4800-8434-EE041E745CF9}.Release|Any CPU.ActiveCfg = Release|Any CPU
		{67D79536-FF54-4800-8434-EE041E745CF9}.Release|Any CPU.Build.0 = Release|Any CPU
		{1B1E7172-12C6-4277-B3F8-9BEE8D0F9415}.Debug|Any CPU.ActiveCfg = Debug|Any CPU
		{1B1E7172-12C6-4277-B3F8-9BEE8D0F9415}.Debug|Any CPU.Build.0 = Debug|Any CPU
		{1B1E7172-12C6-4277-B3F8-9BEE8D0F9415}.Release|Any CPU.ActiveCfg = Release|Any CPU
		{1B1E7172-12C6-4277-B3F8-9BEE8D0F9415}.Release|Any CPU.Build.0 = Release|Any CPU
	EndGlobalSection
	GlobalSection(SolutionProperties) = preSolution
		HideSolutionNode = FALSE
	EndGlobalSection
	GlobalSection(NestedProjects) = preSolution
		{423247DE-EA3C-43C5-B665-6C144066C3CA} = {D68D73EE-F52A-4038-9365-BFFA60800FB4}
		{2BB1E98B-E568-46F1-B0E8-D90505B0E31A} = {423247DE-EA3C-43C5-B665-6C144066C3CA}
		{62F2C906-2584-4A69-B3CC-DAA3AC1137FB} = {D68D73EE-F52A-4038-9365-BFFA60800FB4}
		{D15D12C1-5B2E-48C1-82CC-F9ACD98D3BBE} = {62F2C906-2584-4A69-B3CC-DAA3AC1137FB}
		{7F1AB0E7-90FA-4AEF-8E4D-E002795492D9} = {D68D73EE-F52A-4038-9365-BFFA60800FB4}
		{0E14E9B4-B1E9-4699-BB9D-ED8E34B75B76} = {7F1AB0E7-90FA-4AEF-8E4D-E002795492D9}
		{C00A0BFC-0A12-4240-8D8E-43ED78BB7F5E} = {7F1AB0E7-90FA-4AEF-8E4D-E002795492D9}
		{1DAB9314-5FB2-4FC7-8E7F-1EBD80CFD67F} = {7F1AB0E7-90FA-4AEF-8E4D-E002795492D9}
		{5152E25C-861C-4B2B-A7D8-F00A5E389D2D} = {0E14E9B4-B1E9-4699-BB9D-ED8E34B75B76}
		{CB1D7000-7708-414F-9135-7C910C281744} = {0E14E9B4-B1E9-4699-BB9D-ED8E34B75B76}
		{9B43AF63-2ED9-420A-BC20-BFBF8CA523B2} = {C00A0BFC-0A12-4240-8D8E-43ED78BB7F5E}
		{403E609F-1924-4CC1-B8A7-81BDD0AE0415} = {1DAB9314-5FB2-4FC7-8E7F-1EBD80CFD67F}
		{B316739A-3CEA-4C21-A7BA-3897E6973456} = {AC6A6BC6-5C26-4E96-AB17-E33087615E2F}
		{054A0B2E-E23C-4E5D-B2B6-E614A7467E39} = {D68D73EE-F52A-4038-9365-BFFA60800FB4}
		{582691B2-B3E5-4813-9FD2-F4B7605D95D5} = {054A0B2E-E23C-4E5D-B2B6-E614A7467E39}
		{17C616B6-1120-4ACF-A2C8-3952F1807A39} = {054A0B2E-E23C-4E5D-B2B6-E614A7467E39}
		{1B5B4AF1-8330-4E00-8616-2066B1C7EBFC} = {054A0B2E-E23C-4E5D-B2B6-E614A7467E39}
		{FEDBE06B-6E8E-4AC7-8B6A-8669801935A8} = {054A0B2E-E23C-4E5D-B2B6-E614A7467E39}
		{42761DB4-A5BB-40AB-BD2C-D5C1EE203DCC} = {054A0B2E-E23C-4E5D-B2B6-E614A7467E39}
		{30ACD6AB-0443-4D00-B093-C9A76317FD6D} = {D68D73EE-F52A-4038-9365-BFFA60800FB4}
		{67A51BE5-F43A-4B23-A121-A902AE70B36E} = {30ACD6AB-0443-4D00-B093-C9A76317FD6D}
		{C5ABD8BB-26CB-414E-AED1-3283E7DD66F7} = {6F020F3F-EE1E-4458-A842-650029CA6082}
		{8164E285-C3EA-4D34-89FC-C6B7EA8D8C24} = {6F020F3F-EE1E-4458-A842-650029CA6082}
		{E1E818D0-431B-4F20-8152-3415E27FC905} = {D68D73EE-F52A-4038-9365-BFFA60800FB4}
		{6F110F92-8751-48C5-B488-83E130B0F98D} = {E1E818D0-431B-4F20-8152-3415E27FC905}
		{243827F7-9A9B-44F1-90D6-25D4B9E3ED90} = {D90AF3B7-A733-44C1-A4C2-8C2318791C7A}
		{3143D7DC-55B5-4B32-940A-E6131D23157F} = {D68D73EE-F52A-4038-9365-BFFA60800FB4}
		{A36CD76B-B622-49BA-ADC8-9C5FD3BD8F05} = {3143D7DC-55B5-4B32-940A-E6131D23157F}
		{A52AC0B6-A8A3-4310-A169-5A0DABC7489B} = {D68D73EE-F52A-4038-9365-BFFA60800FB4}
		{D3945D7B-0E43-4CD6-AF8F-346A9D8E58B2} = {D68D73EE-F52A-4038-9365-BFFA60800FB4}
		{67D79536-FF54-4800-8434-EE041E745CF9} = {D3945D7B-0E43-4CD6-AF8F-346A9D8E58B2}
		{1B1E7172-12C6-4277-B3F8-9BEE8D0F9415} = {A52AC0B6-A8A3-4310-A169-5A0DABC7489B}
	EndGlobalSection
	GlobalSection(ExtensibilityGlobals) = postSolution
		SolutionGuid = {69583B67-B4BA-4761-A576-995CF3C690E1}
	EndGlobalSection
EndGlobal
